# This file is automatically @generated by Cargo.
# It is not intended for manual editing.
version = 4

[[package]]
name = "allocator-api2"
version = "0.2.21"
source = "registry+https://github.com/rust-lang/crates.io-index"
checksum = "683d7910e743518b0e34f1186f92494becacb047c7b6bf616c96772180fef923"

[[package]]
name = "cfg-if"
version = "1.0.4"
source = "registry+https://github.com/rust-lang/crates.io-index"
checksum = "9330f8b2ff13f34540b44e946ef35111825727b38d33286ef986142615121801"

[[package]]
name = "equivalent"
version = "1.0.2"
source = "registry+https://github.com/rust-lang/crates.io-index"
checksum = "877a4ace8713b0bcf2a4e7eec82529c029f1d0619886d18145fea96c3ffe5c0f"

[[package]]
name = "foldhash"
version = "0.2.0"
source = "registry+https://github.com/rust-lang/crates.io-index"
checksum = "77ce24cb58228fbb8aa041425bb1050850ac19177686ea6e0f41a70416f56fdb"

[[package]]
name = "hashbrown"
version = "0.17.1"
source = "registry+https://github.com/rust-lang/crates.io-index"
checksum = "ed5909b6e89a2db4456e54cd5f673791d7eca6732202bbf2a9cc504fe2f9b84a"
dependencies = [
 "allocator-api2",
 "equivalent",
 "foldhash",
]

[[package]]
name = "lepton3"
version = "1.1.0"
source = "git+https://github.com/duplessisaurore/lepton3#af53d09cb9683a0cf722f413e0f25176c09f2892"
dependencies = [
 "lepton_image",
 "lepton_opcodes",
 "lepton_vm",
]

[[package]]
name = "lepton_image"
version = "1.1.0"
source = "git+https://github.com/duplessisaurore/lepton3#af53d09cb9683a0cf722f413e0f25176c09f2892"
dependencies = [
 "hashbrown",
 "lepton_opcodes",
]

[[package]]
name = "lepton_opcodes"
version = "1.1.0"
source = "git+https://github.com/duplessisaurore/lepton3#af53d09cb9683a0cf722f413e0f25176c09f2892"

[[package]]
name = "lepton_vm"
version = "1.0.0"
source = "git+https://github.com/duplessisaurore/lepton3#af53d09cb9683a0cf722f413e0f25176c09f2892"
dependencies = [
 "cfg-if",
 "hashbrown",
 "lepton_image",
 "lepton_opcodes",
]

[[package]]
name = "quark3"
version = "1.0.0"
dependencies = [
 "quark_asm",
 "quark_map",
]

[[package]]
name = "quark_asm"
version = "1.0.0"
dependencies = [
 "hashbrown",
 "lepton3",
 "quark_map",
]

[[package]]
name = "quark_map"
version = "1.0.0"
dependencies = [
 "lepton3",
]

[[package]]
name = "quark_std"
version = "1.0.0"
dependencies = [
 "lepton3",
 "quark_asm",
]
